{
  "version": 4,
  "terraform_version": "1.6.6",
  "serial": 9,
  "lineage": "b46980d5-4583-f2f8-d5c6-6d023aae16fa",
  "outputs": {
    "ecr_app_uri": {
      "value": "361706076089.dkr.ecr.us-east-1.amazonaws.com/clo835-app",
      "type": "string"
    },
    "ecr_mysql_uri": {
      "value": "361706076089.dkr.ecr.us-east-1.amazonaws.com/clo835-mysql",
      "type": "string"
    }
  },
  "resources": [
    {
      "mode": "data",
      "type": "aws_ami",
      "name": "amazon_linux_2",
      "provider": "provider[\"registry.terraform.io/hashicorp/aws\"]",
      "instances": [
        {
          "schema_version": 0,
          "attributes": {
            "architecture": "x86_64",
            "arn": "arn:aws:ec2:us-east-1::image/ami-026992d753d5622bc",
            "block_device_mappings": [
              {
                "device_name": "/dev/xvda",
                "ebs": {
                  "delete_on_termination": "true",
                  "encrypted": "false",
                  "iops": "0",
                  "snapshot_id": "snap-0f6b38d2e7b1cb84e",
                  "throughput": "0",
                  "volume_size": "8",
                  "volume_type": "gp2"
                },
                "no_device": "",
                "virtual_name": ""
              }
            ],
            "boot_mode": "",
            "creation_date": "2026-01-16T23:17:36.000Z",
            "deprecation_time": "2026-04-16T23:23:00.000Z",
            "description": "Amazon Linux 2 AMI 2.0.20260120.1 x86_64 HVM gp2",
            "ena_support": true,
            "executable_users": null,
            "filter": [
              {
                "name": "name",
                "values": [
                  "amzn2-ami-hvm-*-x86_64-gp2"
                ]
              }
            ],
            "hypervisor": "xen",
            "id": "ami-026992d753d5622bc",
            "image_id": "ami-026992d753d5622bc",
            "image_location": "amazon/amzn2-ami-hvm-2.0.20260120.1-x86_64-gp2",
            "image_owner_alias": "amazon",
            "image_type": "machine",
            "imds_support": "",
            "include_deprecated": false,
            "kernel_id": "",
            "most_recent": true,
            "name": "amzn2-ami-hvm-2.0.20260120.1-x86_64-gp2",
            "name_regex": null,
            "owner_id": "137112412989",
            "owners": [
              "amazon"
            ],
            "platform": "",
            "platform_details": "Linux/UNIX",
            "product_codes": [],
            "public": true,
            "ramdisk_id": "",
            "root_device_name": "/dev/xvda",
            "root_device_type": "ebs",
            "root_snapshot_id": "snap-0f6b38d2e7b1cb84e",
            "sriov_net_support": "simple",
            "state": "available",
            "state_reason": {
              "code": "UNSET",
              "message": "UNSET"
            },
            "tags": {},
            "timeouts": null,
            "tpm_support": "",
            "usage_operation": "RunInstances",
            "virtualization_type": "hvm"
          },
          "sensitive_attributes": []
        }
      ]
    },
    {
      "mode": "data",
      "type": "aws_iam_role",
      "name": "lab_role",
      "provider": "provider[\"registry.terraform.io/hashicorp/aws\"]",
      "instances": [
        {
          "schema_version": 0,
          "attributes": {
            "arn": "arn:aws:iam::361706076089:role/LabRole",
            "assume_role_policy": "{\"Version\":\"2012-10-17\",\"Statement\":[{\"Effect\":\"Allow\",\"Principal\":{\"AWS\":\"arn:aws:iam::361706076089:role/LabRole\",\"Service\":[\"iotevents.amazonaws.com\",\"sns.amazonaws.com\",\"iotanalytics.amazonaws.com\",\"iot.amazonaws.com\",\"cloudtrail.amazonaws.com\",\"elasticloadbalancing.amazonaws.com\",\"lambda.amazonaws.com\",\"ec2.amazonaws.com\",\"glue.amazonaws.com\",\"cloud9.amazonaws.com\",\"dynamodb.amazonaws.com\",\"ecs-tasks.amazonaws.com\",\"databrew.amazonaws.com\",\"credentials.iot.amazonaws.com\",\"sqs.amazonaws.com\",\"codewhisperer.amazonaws.com\",\"secretsmanager.amazonaws.com\",\"servicecatalog.amazonaws.com\",\"rds.amazonaws.com\",\"codedeploy.amazonaws.com\",\"redshift.amazonaws.com\",\"kinesis.amazonaws.com\",\"forecast.amazonaws.com\",\"athena.amazonaws.com\",\"ecs.amazonaws.com\",\"eks.amazonaws.com\",\"application-autoscaling.amazonaws.com\",\"elasticfilesystem.amazonaws.com\",\"rekognition.amazonaws.com\",\"apigateway.amazonaws.com\",\"batch.amazonaws.com\",\"autoscaling.amazonaws.com\",\"resource-groups.amazonaws.com\",\"ec2.application-autoscaling.amazonaws.com\",\"scheduler.amazonaws.com\",\"s3.amazonaws.com\",\"cloudformation.amazonaws.com\",\"deepracer.amazonaws.com\",\"states.amazonaws.com\",\"elasticmapreduce.amazonaws.com\",\"cognito-idp.amazonaws.com\",\"pipes.amazonaws.com\",\"backup.amazonaws.com\",\"eks-fargate-pods.amazonaws.com\",\"kms.amazonaws.com\",\"sagemaker.amazonaws.com\",\"ssm.amazonaws.com\",\"kinesisanalytics.amazonaws.com\",\"logs.amazonaws.com\",\"firehose.amazonaws.com\",\"elasticbeanstalk.amazonaws.com\",\"codecommit.amazonaws.com\",\"events.amazonaws.com\"]},\"Action\":\"sts:AssumeRole\"}]}",
            "create_date": "2026-01-09T21:08:39Z",
            "description": "",
            "id": "LabRole",
            "max_session_duration": 3600,
            "name": "LabRole",
            "path": "/",
            "permissions_boundary": "",
            "role_last_used": [
              {
                "last_used_date": "2026-01-30T20:08:44Z",
                "region": "us-east-1"
              }
            ],
            "tags": {
              "cloudlab": "c193466a4972421l13430141t1w361706076089"
            },
            "unique_id": "AROAVIN24W644MVXMGH5E"
          },
          "sensitive_attributes": []
        }
      ]
    },
    {
      "mode": "data",
      "type": "aws_subnets",
      "name": "default_public",
      "provider": "provider[\"registry.terraform.io/hashicorp/aws\"]",
      "instances": [
        {
          "schema_version": 0,
          "attributes": {
            "filter": [
              {
                "name": "default-for-az",
                "values": [
                  "true"
                ]
              },
              {
                "name": "vpc-id",
                "values": [
                  "vpc-4026483a"
                ]
              }
            ],
            "id": "us-east-1",
            "ids": [
              "subnet-337f206f",
              "subnet-5f401238",
              "subnet-2323421d",
              "subnet-b8997bf5",
              "subnet-ed560fc3",
              "subnet-481f0b47"
            ],
            "tags": null,
            "timeouts": null
          },
          "sensitive_attributes": []
        }
      ]
    },
    {
      "mode": "data",
      "type": "aws_vpc",
      "name": "default",
      "provider": "provider[\"registry.terraform.io/hashicorp/aws\"]",
      "instances": [
        {
          "schema_version": 0,
          "attributes": {
            "arn": "arn:aws:ec2:us-east-1:361706076089:vpc/vpc-4026483a",
            "cidr_block": "172.31.0.0/16",
            "cidr_block_associations": [
              {
                "association_id": "vpc-cidr-assoc-92e098fe",
                "cidr_block": "172.31.0.0/16",
                "state": "associated"
              }
            ],
            "default": true,
            "dhcp_options_id": "dopt-67929a1c",
            "enable_dns_hostnames": true,
            "enable_dns_support": true,
            "enable_network_address_usage_metrics": false,
            "filter": null,
            "id": "vpc-4026483a",
            "instance_tenancy": "default",
            "ipv6_association_id": "",
            "ipv6_cidr_block": "",
            "main_route_table_id": "rtb-24b94c5a",
            "owner_id": "361706076089",
            "state": null,
            "tags": {},
            "timeouts": null
          },
          "sensitive_attributes": []
        }
      ]
    },
    {
      "mode": "managed",
      "type": "aws_ecr_repository",
      "name": "app",
      "provider": "provider[\"registry.terraform.io/hashicorp/aws\"]",
      "instances": [
        {
          "schema_version": 0,
          "attributes": {
            "arn": "arn:aws:ecr:us-east-1:361706076089:repository/clo835-app",
            "encryption_configuration": [
              {
                "encryption_type": "AES256",
                "kms_key": ""
              }
            ],
            "force_delete": null,
            "id": "clo835-app",
            "image_scanning_configuration": [
              {
                "scan_on_push": false
              }
            ],
            "image_tag_mutability": "MUTABLE",
            "name": "clo835-app",
            "registry_id": "361706076089",
            "repository_url": "361706076089.dkr.ecr.us-east-1.amazonaws.com/clo835-app",
            "tags": {
              "Name": "clo835-app"
            },
            "tags_all": {
              "Name": "clo835-app"
            },
            "timeouts": null
          },
          "sensitive_attributes": [],
          "private": "eyJlMmJmYjczMC1lY2FhLTExZTYtOGY4OC0zNDM2M2JjN2M0YzAiOnsiZGVsZXRlIjoxMjAwMDAwMDAwMDAwfX0="
        }
      ]
    },
    {
      "mode": "managed",
      "type": "aws_ecr_repository",
      "name": "mysql",
      "provider": "provider[\"registry.terraform.io/hashicorp/aws\"]",
      "instances": [
        {
          "schema_version": 0,
          "attributes": {
            "arn": "arn:aws:ecr:us-east-1:361706076089:repository/clo835-mysql",
            "encryption_configuration": [
              {
                "encryption_type": "AES256",
                "kms_key": ""
              }
            ],
            "force_delete": null,
            "id": "clo835-mysql",
            "image_scanning_configuration": [
              {
                "scan_on_push": false
              }
            ],
            "image_tag_mutability": "MUTABLE",
            "name": "clo835-mysql",
            "registry_id": "361706076089",
            "repository_url": "361706076089.dkr.ecr.us-east-1.amazonaws.com/clo835-mysql",
            "tags": {
              "Name": "clo835-mysql"
            },
            "tags_all": {
              "Name": "clo835-mysql"
            },
            "timeouts": null
          },
          "sensitive_attributes": [],
          "private": "eyJlMmJmYjczMC1lY2FhLTExZTYtOGY4OC0zNDM2M2JjN2M0YzAiOnsiZGVsZXRlIjoxMjAwMDAwMDAwMDAwfX0="
        }
      ]
    },
    {
      "mode": "managed",
      "type": "aws_security_group",
      "name": "ec2_sg",
      "provider": "provider[\"registry.terraform.io/hashicorp/aws\"]",
      "instances": [
        {
          "schema_version": 1,
          "attributes": {
            "arn": "arn:aws:ec2:us-east-1:361706076089:security-group/sg-0ddd1988ce7ea1724",
            "description": "Security group for EC2 instance",
            "egress": [
              {
                "cidr_blocks": [
                  "0.0.0.0/0"
                ],
                "description": "",
                "from_port": 0,
                "ipv6_cidr_blocks": [],
                "prefix_list_ids": [],
                "protocol": "-1",
                "security_groups": [],
                "self": false,
                "to_port": 0
              }
            ],
            "id": "sg-0ddd1988ce7ea1724",
            "ingress": [
              {
                "cidr_blocks": [
                  "0.0.0.0/0"
                ],
                "description": "",
                "from_port": 22,
                "ipv6_cidr_blocks": [],
                "prefix_list_ids": [],
                "protocol": "tcp",
                "security_groups": [],
                "self": false,
                "to_port": 22
              },
              {
                "cidr_blocks": [
                  "0.0.0.0/0"
                ],
                "description": "",
                "from_port": 8081,
                "ipv6_cidr_blocks": [],
                "prefix_list_ids": [],
                "protocol": "tcp",
                "security_groups": [],
                "self": false,
                "to_port": 8083
              }
            ],
            "name": "clo835-ec2-sg",
            "name_prefix": "",
            "owner_id": "361706076089",
            "revoke_rules_on_delete": false,
            "tags": {
              "Name": "clo835-ec2-sg"
            },
            "tags_all": {
              "Name": "clo835-ec2-sg"
            },
            "timeouts": null,
            "vpc_id": "vpc-4026483a"
          },
          "sensitive_attributes": [],
          "private": "eyJlMmJmYjczMC1lY2FhLTExZTYtOGY4OC0zNDM2M2JjN2M0YzAiOnsiY3JlYXRlIjo2MDAwMDAwMDAwMDAsImRlbGV0ZSI6OTAwMDAwMDAwMDAwfSwic2NoZW1hX3ZlcnNpb24iOiIxIn0=",
          "dependencies": [
            "data.aws_vpc.default"
          ]
        }
      ]
    }
  ],
  "check_results": null
}
